
Microsoft Visual Studio Solution File, Format Version 12.00
# Visual Studio Version 17
VisualStudioVersion = 17.8.34525.116
MinimumVisualStudioVersion = 10.0.40219.1
Project("{FAE04EC0-301F-11D3-BF4B-00C04F79EFBC}") = "9-3Clse5", "9-3Clse5\9-3Clse5.csproj", "{04BFA611-ACE4-480E-9698-406A8C93D52D}"
EndProject
Global
	GlobalSection(SolutionConfigurationPlatforms) = preSolution
		Debug|Any CPU = Debug|Any CPU
		Release|Any CPU = Release|Any CPU
	EndGlobalSection
	GlobalSection(ProjectConfigurationPlatforms) = postSolution
		{04BFA611-ACE4-480E-9698-406A8C93D52D}.Debug|Any CPU.ActiveCfg = Debug|Any CPU
		{04BFA611-ACE4-480E-9698-406A8C93D52D}.Debug|Any CPU.Build.0 = Debug|Any CPU
		{04BFA611-ACE4-480E-9698-406A8C93D52D}.Release|Any CPU.ActiveCfg = Release|Any CPU
		{04BFA611-ACE4-480E-9698-406A8C93D52D}.Release|Any CPU.Build.0 = Release|Any CPU
	EndGlobalSection
	GlobalSection(SolutionProperties) = preSolution
		HideSolutionNode = FALSE
	EndGlobalSection
	GlobalSection(ExtensibilityGlobals) = postSolution
		SolutionGuid = {F3F39EA9-01FE-422E-8F89-69AF239F63FA}
	EndGlobalSection
EndGlobal
